
Microsoft Visual Studio Solution File, Format Version 12.00
# Visual Studio Version 16
VisualStudioVersion = 16.0.29728.190
MinimumVisualStudioVersion = 10.0.40219.1
Project("{FAE04EC0-301F-11D3-BF4B-00C04F79EFBC}") = "StudentFormDemo", "StudentFormDemo\StudentFormDemo.csproj", "{6EA8605C-E020-4231-BACD-C30B026EE578}"
EndProject
Global
	GlobalSection(SolutionConfigurationPlatforms) = preSolution
		Debug|Any CPU = Debug|Any CPU
		Release|Any CPU = Release|Any CPU
	EndGlobalSection
	GlobalSection(ProjectConfigurationPlatforms) = postSolution
		{6EA8605C-E020-4231-BACD-C30B026EE578}.Debug|Any CPU.ActiveCfg = Debug|Any CPU
		{6EA8605C-E020-4231-BACD-C30B026EE578}.Debug|Any CPU.Build.0 = Debug|Any CPU
		{6EA8605C-E020-4231-BACD-C30B026EE578}.Release|Any CPU.ActiveCfg = Release|Any CPU
		{6EA8605C-E020-4231-BACD-C30B026EE578}.Release|Any CPU.Build.0 = Release|Any CPU
	EndGlobalSection
	GlobalSection(SolutionProperties) = preSolution
		HideSolutionNode = FALSE
	EndGlobalSection
	GlobalSection(ExtensibilityGlobals) = postSolution
		SolutionGuid = {7538130C-F911-454D-B968-34642A3008DE}
	EndGlobalSection
EndGlobal
